
Microsoft Visual Studio Solution File, Format Version 12.00
# Visual Studio Version 17
VisualStudioVersion = 17.14.36221.1 d17.14
MinimumVisualStudioVersion = 10.0.40219.1
Project("{FAE04EC0-301F-11D3-BF4B-00C04F79EFBC}") = "Compuserver.Backend", "Compuserver.Backend\Compuserver.Backend.csproj", "{6F4D47A7-566B-4921-AC6B-1A7E20C23396}"
EndProject
Project("{FAE04EC0-301F-11D3-BF4B-00C04F79EFBC}") = "Compuserver.Frontend", "Compuserver.Frontend\Compuserver.Frontend.csproj", "{82A8B586-84C5-47BC-BA66-5FA2E6E9A3F1}"
EndProject
Project("{FAE04EC0-301F-11D3-BF4B-00C04F79EFBC}") = "Compuserver.Shared", "Compuserver.Shared\Compuserver.Shared.csproj", "{8DE39860-D71A-4C5C-9A38-1205A82E5C31}"
EndProject
Project("{FAE04EC0-301F-11D3-BF4B-00C04F79EFBC}") = "Compuserver.Tests", "Compuserver.Tests\Compuserver.Tests.csproj", "{C116B90F-E0E6-4E99-BDB5-F47B68CCE1E1}"
EndProject
Global
	GlobalSection(SolutionConfigurationPlatforms) = preSolution
		Debug|Any CPU = Debug|Any CPU
		Release|Any CPU = Release|Any CPU
	EndGlobalSection
	GlobalSection(ProjectConfigurationPlatforms) = postSolution
		{6F4D47A7-566B-4921-AC6B-1A7E20C23396}.Debug|Any CPU.ActiveCfg = Debug|Any CPU
		{6F4D47A7-566B-4921-AC6B-1A7E20C23396}.Debug|Any CPU.Build.0 = Debug|Any CPU
		{6F4D47A7-566B-4921-AC6B-1A7E20C23396}.Release|Any CPU.ActiveCfg = Release|Any CPU
		{6F4D47A7-566B-4921-AC6B-1A7E20C23396}.Release|Any CPU.Build.0 = Release|Any CPU
		{82A8B586-84C5-47BC-BA66-5FA2E6E9A3F1}.Debug|Any CPU.ActiveCfg = Debug|Any CPU
		{82A8B586-84C5-47BC-BA66-5FA2E6E9A3F1}.Debug|Any CPU.Build.0 = Debug|Any CPU
		{82A8B586-84C5-47BC-BA66-5FA2E6E9A3F1}.Release|Any CPU.ActiveCfg = Release|Any CPU
		{82A8B586-84C5-47BC-BA66-5FA2E6E9A3F1}.Release|Any CPU.Build.0 = Release|Any CPU
		{8DE39860-D71A-4C5C-9A38-1205A82E5C31}.Debug|Any CPU.ActiveCfg = Debug|Any CPU
		{8DE39860-D71A-4C5C-9A38-1205A82E5C31}.Debug|Any CPU.Build.0 = Debug|Any CPU
		{8DE39860-D71A-4C5C-9A38-1205A82E5C31}.Release|Any CPU.ActiveCfg = Release|Any CPU
		{8DE39860-D71A-4C5C-9A38-1205A82E5C31}.Release|Any CPU.Build.0 = Release|Any CPU
		{C116B90F-E0E6-4E99-BDB5-F47B68CCE1E1}.Debug|Any CPU.ActiveCfg = Debug|Any CPU
		{C116B90F-E0E6-4E99-BDB5-F47B68CCE1E1}.Debug|Any CPU.Build.0 = Debug|Any CPU
		{C116B90F-E0E6-4E99-BDB5-F47B68CCE1E1}.Release|Any CPU.ActiveCfg = Release|Any CPU
		{C116B90F-E0E6-4E99-BDB5-F47B68CCE1E1}.Release|Any CPU.Build.0 = Release|Any CPU
	EndGlobalSection
	GlobalSection(SolutionProperties) = preSolution
		HideSolutionNode = FALSE
	EndGlobalSection
	GlobalSection(ExtensibilityGlobals) = postSolution
		SolutionGuid = {4B23E2D7-A9AB-4766-A91A-C1651E548DA3}
	EndGlobalSection
EndGlobal
